
Microsoft Visual Studio Solution File, Format Version 12.00
# Visual Studio Version 17
VisualStudioVersion = 17.4.33213.308
MinimumVisualStudioVersion = 10.0.40219.1
Project("{888888A0-9F3D-457C-B088-3A5042F75D52}") = "SystemProfiler_V1.01", "SystemProfiler_V1.01.pyproj", "{FDAA1C7D-BCC6-469D-B507-AC32C161F51A}"
EndProject
Global
	GlobalSection(SolutionConfigurationPlatforms) = preSolution
		Debug|Any CPU = Debug|Any CPU
		Release|Any CPU = Release|Any CPU
	EndGlobalSection
	GlobalSection(ProjectConfigurationPlatforms) = postSolution
		{FDAA1C7D-BCC6-469D-B507-AC32C161F51A}.Debug|Any CPU.ActiveCfg = Debug|Any CPU
		{FDAA1C7D-BCC6-469D-B507-AC32C161F51A}.Release|Any CPU.ActiveCfg = Release|Any CPU
	EndGlobalSection
	GlobalSection(SolutionProperties) = preSolution
		HideSolutionNode = FALSE
	EndGlobalSection
	GlobalSection(ExtensibilityGlobals) = postSolution
		SolutionGuid = {F7AA194A-8E79-4606-925D-E5EA9A7C378C}
	EndGlobalSection
EndGlobal
